
Microsoft Visual Studio Solution File, Format Version 12.00
# Visual Studio 15
VisualStudioVersion = 15.0.27130.2024
MinimumVisualStudioVersion = 10.0.40219.1
Project("{9A19103F-16F7-4668-BE54-9A1E7A4F7556}") = "ModifieR", "ModifieR\ModifieR.csproj", "{BC288E1C-E2C5-4677-9937-469D35F0066C}"
EndProject
Global
	GlobalSection(SolutionConfigurationPlatforms) = preSolution
		Debug|Any CPU = Debug|Any CPU
		Release|Any CPU = Release|Any CPU
	EndGlobalSection
	GlobalSection(ProjectConfigurationPlatforms) = postSolution
		{BC288E1C-E2C5-4677-9937-469D35F0066C}.Debug|Any CPU.ActiveCfg = Debug|Any CPU
		{BC288E1C-E2C5-4677-9937-469D35F0066C}.Debug|Any CPU.Build.0 = Debug|Any CPU
		{BC288E1C-E2C5-4677-9937-469D35F0066C}.Release|Any CPU.ActiveCfg = Release|Any CPU
		{BC288E1C-E2C5-4677-9937-469D35F0066C}.Release|Any CPU.Build.0 = Release|Any CPU
	EndGlobalSection
	GlobalSection(SolutionProperties) = preSolution
		HideSolutionNode = FALSE
	EndGlobalSection
	GlobalSection(ExtensibilityGlobals) = postSolution
		SolutionGuid = {886F8BA6-634F-46F6-B4AC-A682B3E7CF40}
	EndGlobalSection
EndGlobal
